
Microsoft Visual Studio Solution File, Format Version 12.00
# Visual Studio Version 17
VisualStudioVersion = 17.3.32922.545
MinimumVisualStudioVersion = 10.0.40219.1
Project("{FAE04EC0-301F-11D3-BF4B-00C04F79EFBC}") = "HomeControlCenter.Server", "HomeControlCenter\Server\HomeControlCenter.Server.csproj", "{05E89287-802A-4926-8EF1-5704C8CD92AE}"
EndProject
Project("{FAE04EC0-301F-11D3-BF4B-00C04F79EFBC}") = "HomeControlCenter.Client", "HomeControlCenter\Client\HomeControlCenter.Client.csproj", "{034BBEAB-450B-4C6A-A3F8-94F041FC1340}"
EndProject
Project("{FAE04EC0-301F-11D3-BF4B-00C04F79EFBC}") = "HomeControlCenter.Shared", "HomeControlCenter\Shared\HomeControlCenter.Shared.csproj", "{0AE71175-E251-4F74-BAEE-BF9ACCA27D8A}"
EndProject
Global
	GlobalSection(SolutionConfigurationPlatforms) = preSolution
		Debug|Any CPU = Debug|Any CPU
		Release|Any CPU = Release|Any CPU
	EndGlobalSection
	GlobalSection(ProjectConfigurationPlatforms) = postSolution
		{05E89287-802A-4926-8EF1-5704C8CD92AE}.Debug|Any CPU.ActiveCfg = Debug|Any CPU
		{05E89287-802A-4926-8EF1-5704C8CD92AE}.Debug|Any CPU.Build.0 = Debug|Any CPU
		{05E89287-802A-4926-8EF1-5704C8CD92AE}.Release|Any CPU.ActiveCfg = Release|Any CPU
		{05E89287-802A-4926-8EF1-5704C8CD92AE}.Release|Any CPU.Build.0 = Release|Any CPU
		{034BBEAB-450B-4C6A-A3F8-94F041FC1340}.Debug|Any CPU.ActiveCfg = Debug|Any CPU
		{034BBEAB-450B-4C6A-A3F8-94F041FC1340}.Debug|Any CPU.Build.0 = Debug|Any CPU
		{034BBEAB-450B-4C6A-A3F8-94F041FC1340}.Release|Any CPU.ActiveCfg = Release|Any CPU
		{034BBEAB-450B-4C6A-A3F8-94F041FC1340}.Release|Any CPU.Build.0 = Release|Any CPU
		{0AE71175-E251-4F74-BAEE-BF9ACCA27D8A}.Debug|Any CPU.ActiveCfg = Debug|Any CPU
		{0AE71175-E251-4F74-BAEE-BF9ACCA27D8A}.Debug|Any CPU.Build.0 = Debug|Any CPU
		{0AE71175-E251-4F74-BAEE-BF9ACCA27D8A}.Release|Any CPU.ActiveCfg = Release|Any CPU
		{0AE71175-E251-4F74-BAEE-BF9ACCA27D8A}.Release|Any CPU.Build.0 = Release|Any CPU
	EndGlobalSection
	GlobalSection(SolutionProperties) = preSolution
		HideSolutionNode = FALSE
	EndGlobalSection
	GlobalSection(ExtensibilityGlobals) = postSolution
		SolutionGuid = {4E30EBB8-3868-4C65-8E28-5F312197E824}
	EndGlobalSection
EndGlobal
